
Microsoft Visual Studio Solution File, Format Version 12.00
Project("{F2A71F9B-5D33-465A-A702-920D77279786}") = "AdventOfCode", "AdventOfCode\AdventOfCode.fsproj", "{E7AFEAA9-AF4B-4977-A87B-8B7B0C947072}"
EndProject
Global
	GlobalSection(SolutionConfigurationPlatforms) = preSolution
		Debug|Any CPU = Debug|Any CPU
		Release|Any CPU = Release|Any CPU
	EndGlobalSection
	GlobalSection(ProjectConfigurationPlatforms) = postSolution
		{E7AFEAA9-AF4B-4977-A87B-8B7B0C947072}.Debug|Any CPU.ActiveCfg = Debug|Any CPU
		{E7AFEAA9-AF4B-4977-A87B-8B7B0C947072}.Debug|Any CPU.Build.0 = Debug|Any CPU
		{E7AFEAA9-AF4B-4977-A87B-8B7B0C947072}.Release|Any CPU.ActiveCfg = Release|Any CPU
		{E7AFEAA9-AF4B-4977-A87B-8B7B0C947072}.Release|Any CPU.Build.0 = Release|Any CPU
	EndGlobalSection
EndGlobal
